PODS:
  - blue_print_pos (0.0.1):
    - Flutter
  - blue_thermal_printer (0.0.1):
    - Flutter
  - Flutter (1.0.0)
  - flutter_blue_plus (0.0.1):
    - Flutter
    - flutter_blue_plus/Protos (= 0.0.1)
  - flutter_blue_plus/Protos (0.0.1):
    - Flutter
    - Protobuf (~> 3.11)
  - Protobuf (3.24.1)

DEPENDENCIES:
  - blue_print_pos (from `.symlinks/plugins/blue_print_pos/ios`)
  - blue_thermal_printer (from `.symlinks/plugins/blue_thermal_printer/ios`)
  - Flutter (from `Flutter`)
  - flutter_blue_plus (from `.symlinks/plugins/flutter_blue_plus/ios`)

SPEC REPOS:
  trunk:
    - Protobuf

EXTERNAL SOURCES:
  blue_print_pos:
    :path: ".symlinks/plugins/blue_print_pos/ios"
  blue_thermal_printer:
    :path: ".symlinks/plugins/blue_thermal_printer/ios"
  Flutter:
    :path: Flutter
  flutter_blue_plus:
    :path: ".symlinks/plugins/flutter_blue_plus/ios"

SPEC CHECKSUMS:
  blue_print_pos: 23e8b4bede0fc07cd75b3257783523ca332bf3cb
  blue_thermal_printer: c83405103d2c17f8d67aaa43fcff94df5d616a66
  Flutter: f04841e97a9d0b0a8025694d0796dd46242b2854
  flutter_blue_plus: 6787777145d615de01828f3a9fa423c3c702f0b3
  Protobuf: 0c0a3eb3c1207ee14bdbca270dc0b40fa953cacc

PODFILE CHECKSUM: 7368163408c647b7eb699d0d788ba6718e18fb8d

COCOAPODS: 1.12.1
